// !$*UTF8*$!
{
	archiveVersion = 1;
	classes = {
	};
	objectVersion = 46;
	objects = {

/* Begin PBXBuildFile section */
		AF273C461D21D96700C306FC /* AppDelegate.swift in Sources */ = {isa = PBXBuildFile; fileRef = AF273C451D21D96700C306FC /* AppDelegate.swift */; };
		AF273C481D21D96700C306FC /* ViewController.swift in Sources */ = {isa = PBXBuildFile; fileRef = AF273C471D21D96700C306FC /* ViewController.swift */; };
		AF273C4B1D21D96700C306FC /* Main.storyboard in Resources */ = {isa = PBXBuildFile; fileRef = AF273C491D21D96700C306FC /* Main.storyboard */; };
		AF273C4D1D21D96700C306FC /* Assets.xcassets in Resources */ = {isa = PBXBuildFile; fileRef = AF273C4C1D21D96700C306FC /* Assets.xcassets */; };
		AF273C501D21D96700C306FC /* LaunchScreen.storyboard in Resources */ = {isa = PBXBuildFile; fileRef = AF273C4E1D21D96700C306FC /* LaunchScreen.storyboard */; };
/* End PBXBuildFile section */

/* Begin PBXFileReference section */
		AF273C421D21D96700C306FC /* TableFade.app */ = {isa = PBXFileReference; explicitFileType = wrapper.application; includeInIndex = 0; path = TableFade.app; sourceTree = BUILT_PRODUCTS_DIR; };
		AF273C451D21D96700C306FC /* AppDelegate.swift */ = {isa = PBXFileReference; lastKnownFileType = sourcecode.swift; path = AppDelegate.swift; sourceTree = "<group>"; };
		AF273C471D21D96700C306FC /* ViewController.swift */ = {isa = PBXFileReference; lastKnownFileType = sourcecode.swift; path = ViewController.swift; sourceTree = "<group>"; };
		AF273C4A1D21D96700C306FC /* Base */ = {isa = PBXFileReference; lastKnownFileType = file.storyboard; name = Base; path = Base.lproj/Main.storyboard; sourceTree = "<group>"; };
		AF273C4C1D21D96700C306FC /* Assets.xcassets */ = {isa = PBXFileReference; lastKnownFileType = folder.assetcatalog; path = Assets.xcassets; sourceTree = "<group>"; };
		AF273C4F1D21D96700C306FC /* Base */ = {isa = PBXFileReference; lastKnownFileType = file.storyboard; name = Base; path = Base.lproj/LaunchScreen.storyboard; sourceTree = "<group>"; };
		AF273C511D21D96700C306FC /* Info.plist */ = {isa = PBXFileReference; lastKnownFileType = text.plist.xml; path = Info.plist; sourceTree = "<group>"; };
/* End PBXFileReference section */

/* Begin PBXFrameworksBuildPhase section */
		AF273C3F1D21D96700C306FC /* Frameworks */ = {
			isa = PBXFrameworksBuildPhase;
			buildActionMask = 2147483647;
			files = (
			);
			runOnlyForDeploymentPostprocessing = 0;
		};
/* End PBXFrameworksBuildPhase section */

/* Begin PBXGroup section */
		AF273C391D21D96700C306FC = {
			isa = PBXGroup;
			children = (
				AF273C441D21D96700C306FC /* TableFade */,
				AF273C431D21D96700C306FC /* Products */,
			);
			sourceTree = "<group>";
		};
		AF273C431D21D96700C306FC /* Products */ = {
			isa = PBXGroup;
			children = (
				AF273C421D21D96700C306FC /* TableFade.app */,
			);
			name = Products;
			sourceTree = "<group>";
		};
		AF273C441D21D96700C306FC /* TableFade */ = {
			isa = PBXGroup;
			children = (
				AF273C451D21D96700C306FC /* AppDelegate.swift */,
				AF273C471D21D96700C306FC /* ViewController.swift */,
				AF273C491D21D96700C306FC /* Main.storyboard */,
				AF273C4C1D21D96700C306FC /* Assets.xcassets */,
				AF273C4E1D21D96700C306FC /* LaunchScreen.storyboard */,
				AF273C511D21D96700C306FC /* Info.plist */,
			);
			path = TableFade;
			sourceTree = "<group>";
		};
/* End PBXGroup section */

/* Begin PBXNativeTarget section */
		AF273C411D21D96700C306FC /* TableFade */ = {
			isa = PBXNativeTarget;
			buildConfigurationList = AF273C541D21D96700C306FC /* Build configuration list for PBXNativeTarget "TableFade" */;
			buildPhases = (
				AF273C3E1D21D96700C306FC /* Sources */,
				AF273C3F1D21D96700C306FC /* Frameworks */,
				AF273C401D21D96700C306FC /* Resources */,
			);
			buildRules = (
			);
			dependencies = (
			);
			name = TableFade;
			productName = TableFade;
			productReference = AF273C421D21D96700C306FC /* TableFade.app */;
			productType = "com.apple.product-type.application";
		};
/* End PBXNativeTarget section */

/* Begin PBXProject section */
		AF273C3A1D21D96700C306FC /* Project object */ = {
			isa = PBXProject;
			attributes = {
				LastSwiftUpdateCheck = 0730;
				LastUpgradeCheck = 0730;
				ORGANIZATIONNAME = tangital;
				TargetAttributes = {
					AF273C411D21D96700C306FC = {
						CreatedOnToolsVersion = 7.3.1;
					};
				};
			};
			buildConfigurationList = AF273C3D1D21D96700C306FC /* Build configuration list for PBXProject "TableFade" */;
			compatibilityVersion = "Xcode 3.2";
			developmentRegion = English;
			hasScannedForEncodings = 0;
			knownRegions = (
				en,
				Base,
			);
			mainGroup = AF273C391D21D96700C306FC;
			productRefGroup = AF273C431D21D96700C306FC /* Products */;
			projectDirPath = "";
			projectRoot = "";
			targets = (
				AF273C411D21D96700C306FC /* TableFade */,
			);
		};
/* End PBXProject section */

/* Begin PBXResourcesBuildPhase section */
		AF273C401D21D96700C306FC /* Resources */ = {
			isa = PBXResourcesBuildPhase;
			buildActionMask = 2147483647;
			files = (
				AF273C501D21D96700C306FC /* LaunchScreen.storyboard in Resources */,
				AF273C4D1D21D96700C306FC /* Assets.xcassets in Resources */,
				AF273C4B1D21D96700C306FC /* Main.storyboard in Resources */,
			);
			runOnlyForDeploymentPostprocessing = 0;
		};
/* End PBXResourcesBuildPhase section */

/* Begin PBXSourcesBuildPhase section */
		AF273C3E1D21D96700C306FC /* Sources */ = {
			isa = PBXSourcesBuildPhase;
			buildActionMask = 2147483647;
			files = (
				AF273C481D21D96700C306FC /* ViewController.swift in Sources */,
				AF273C461D21D96700C306FC /* AppDelegate.swift in Sources */,
			);
			runOnlyForDeploymentPostprocessing = 0;
		};
/* End PBXSourcesBuildPhase section */

/* Begin PBXVariantGroup section */
		AF273C491D21D96700C306FC /* Main.storyboard */ = {
			isa = PBXVariantGroup;
			children = (
				AF273C4A1D21D96700C306FC /* Base */,
			);
			name = Main.storyboard;
			sourceTree = "<group>";
		};
		AF273C4E1D21D96700C306FC /* LaunchScreen.storyboard */ = {
			isa = PBXVariantGroup;
			children = (
				AF273C4F1D21D96700C306FC /* Base */,
			);
			name = LaunchScreen.storyboard;
			sourceTree = "<group>";
		};
/* End PBXVariantGroup section */

/* Begin XCBuildConfiguration section */
		AF273C521D21D96700C306FC /* Debug */ = {
			isa = XCBuildConfiguration;
			buildSettings = {
				ALWAYS_SEARCH_USER_PATHS = NO;
				CLANG_ANALYZER_NONNULL = YES;
				CLANG_CXX_LANGUAGE_STANDARD = "gnu++0x";
				CLANG_CXX_LIBRARY = "libc++";
				CLANG_ENABLE_MODULES = YES;
				CLANG_ENABLE_OBJC_ARC = YES;
				CLANG_WARN_BOOL_CONVERSION = YES;
				CLANG_WARN_CONSTANT_CONVERSION = YES;
				CLANG_WARN_DIRECT_OBJC_ISA_USAGE = YES_ERROR;
				CLANG_WARN_EMPTY_BODY = YES;
				CLANG_WARN_ENUM_CONVERSION = YES;
				CLANG_WARN_INT_CONVERSION = YES;
				CLANG_WARN_OBJC_ROOT_CLASS = YES_ERROR;
				CLANG_WARN_UNREACHABLE_CODE = YES;
				CLANG_WARN__DUPLICATE_METHOD_MATCH = YES;
				"CODE_SIGN_IDENTITY[sdk=iphoneos*]" = "iPhone Developer";
				COPY_PHASE_STRIP = NO;
				DEBUG_INFORMATION_FORMAT = dwarf;
				ENABLE_STRICT_OBJC_MSGSEND = YES;
				ENABLE_TESTABILITY = YES;
				GCC_C_LANGUAGE_STANDARD = gnu99;
				GCC_DYNAMIC_NO_PIC = NO;
				GCC_NO_COMMON_BLOCKS = YES;
				GCC_OPTIMIZATION_LEVEL = 0;
				GCC_PREPROCESSOR_DEFINITIONS = (
					"DEBUG=1",
					"$(inherited)",
				);
				GCC_WARN_64_TO_32_BIT_CONVERSION = YES;
				GCC_WARN_ABOUT_RETURN_TYPE = YES_ERROR;
				GCC_WARN_UNDECLARED_SELECTOR = YES;
				GCC_WARN_UNINITIALIZED_AUTOS = YES_AGGRESSIVE;
				GCC_WARN_UNUSED_FUNCTION = YES;
				GCC_WARN_UNUSED_VARIABLE = YES;
				IPHONEOS_DEPLOYMENT_TARGET = 9.3;
				MTL_ENABLE_DEBUG_INFO = YES;
				ONLY_ACTIVE_ARCH = YES;
				SDKROOT = iphoneos;
				SWIFT_OPTIMIZATION_LEVEL = "-Onone";
				TARGETED_DEVICE_FAMILY = "1,2";
			};
			name = Debug;
		};
		AF273C531D21D96700C306FC /* Release */ = {
			isa = XCBuildConfiguration;
			buildSettings = {
				ALWAYS_SEARCH_USER_PATHS = NO;
				CLANG_ANALYZER_NONNULL = YES;
				CLANG_CXX_LANGUAGE_STANDARD = "gnu++0x";
				CLANG_CXX_LIBRARY = "libc++";
				CLANG_ENABLE_MODULES = YES;
				CLANG_ENABLE_OBJC_ARC = YES;
				CLANG_WARN_BOOL_CONVERSION = YES;
				CLANG_WARN_CONSTANT_CONVERSION = YES;
				CLANG_WARN_DIRECT_OBJC_ISA_USAGE = YES_ERROR;
				CLANG_WARN_EMPTY_BODY = YES;
				CLANG_WARN_ENUM_CONVERSION = YES;
				CLANG_WARN_INT_CONVERSION = YES;
				CLANG_WARN_OBJC_ROOT_CLASS = YES_ERROR;
				CLANG_WARN_UNREACHABLE_CODE = YES;
				CLANG_WARN__DUPLICATE_METHOD_MATCH = YES;
				"CODE_SIGN_IDENTITY[sdk=iphoneos*]" = "iPhone Developer";
				COPY_PHASE_STRIP = NO;
				DEBUG_INFORMATION_FORMAT = "dwarf-with-dsym";
				ENABLE_NS_ASSERTIONS = NO;
				ENABLE_STRICT_OBJC_MSGSEND = YES;
				GCC_C_LANGUAGE_STANDARD = gnu99;
				GCC_NO_COMMON_BLOCKS = YES;
				GCC_WARN_64_TO_32_BIT_CONVERSION = YES;
				GCC_WARN_ABOUT_RETURN_TYPE = YES_ERROR;
				GCC_WARN_UNDECLARED_SELECTOR = YES;
				GCC_WARN_UNINITIALIZED_AUTOS = YES_AGGRESSIVE;
				GCC_WARN_UNUSED_FUNCTION = YES;
				GCC_WARN_UNUSED_VARIABLE = YES;
				IPHONEOS_DEPLOYMENT_TARGET = 9.3;
				MTL_ENABLE_DEBUG_INFO = NO;
				SDKROOT = iphoneos;
				TARGETED_DEVICE_FAMILY = "1,2";
				VALIDATE_PRODUCT = YES;
			};
			name = Release;
		};
		AF273C551D21D96700C306FC /* Debug */ = {
			isa = XCBuildConfiguration;
			buildSettings = {
				ASSETCATALOG_COMPILER_APPICON_NAME = AppIcon;
				INFOPLIST_FILE = TableFade/Info.plist;
				LD_RUNPATH_SEARCH_PATHS = "$(inherited) @executable_path/Frameworks";
				PRODUCT_BUNDLE_IDENTIFIER = com.tangital.TableFade;
				PRODUCT_NAME = "$(TARGET_NAME)";
			};
			name = Debug;
		};
		AF273C561D21D96700C306FC /* Release */ = {
			isa = XCBuildConfiguration;
			buildSettings = {
				ASSETCATALOG_COMPILER_APPICON_NAME = AppIcon;
				INFOPLIST_FILE = TableFade/Info.plist;
				LD_RUNPATH_SEARCH_PATHS = "$(inherited) @executable_path/Frameworks";
				PRODUCT_BUNDLE_IDENTIFIER = com.tangital.TableFade;
				PRODUCT_NAME = "$(TARGET_NAME)";
			};
			name = Release;
		};
/* End XCBuildConfiguration section */

/* Begin XCConfigurationList section */
		AF273C3D1D21D96700C306FC /* Build configuration list for PBXProject "TableFade" */ = {
			isa = XCConfigurationList;
			buildConfigurations = (
				AF273C521D21D96700C306FC /* Debug */,
				AF273C531D21D96700C306FC /* Release */,
			);
			defaultConfigurationIsVisible = 0;
			defaultConfigurationName = Release;
		};
		AF273C541D21D96700C306FC /* Build configuration list for PBXNativeTarget "TableFade" */ = {
			isa = XCConfigurationList;
			buildConfigurations = (
				AF273C551D21D96700C306FC /* Debug */,
				AF273C561D21D96700C306FC /* Release */,
			);
			defaultConfigurationIsVisible = 0;
		};
/* End XCConfigurationList section */
	};
	rootObject = AF273C3A1D21D96700C306FC /* Project object */;
}
